
Microsoft Visual Studio Solution File, Format Version 12.00
# Visual Studio Version 16
VisualStudioVersion = 16.0.33920.266
MinimumVisualStudioVersion = 10.0.40219.1
Project("{FAE04EC0-301F-11D3-BF4B-00C04F79EFBC}") = "Math_Comparison_Operation", "Math_Comparison_Operation\Math_Comparison_Operation.csproj", "{FA45EC57-77D0-40E2-8F87-C9D17F2DCE3D}"
EndProject
Global
	GlobalSection(SolutionConfigurationPlatforms) = preSolution
		Debug|Any CPU = Debug|Any CPU
		Release|Any CPU = Release|Any CPU
	EndGlobalSection
	GlobalSection(ProjectConfigurationPlatforms) = postSolution
		{FA45EC57-77D0-40E2-8F87-C9D17F2DCE3D}.Debug|Any CPU.ActiveCfg = Debug|Any CPU
		{FA45EC57-77D0-40E2-8F87-C9D17F2DCE3D}.Debug|Any CPU.Build.0 = Debug|Any CPU
		{FA45EC57-77D0-40E2-8F87-C9D17F2DCE3D}.Release|Any CPU.ActiveCfg = Release|Any CPU
		{FA45EC57-77D0-40E2-8F87-C9D17F2DCE3D}.Release|Any CPU.Build.0 = Release|Any CPU
	EndGlobalSection
	GlobalSection(SolutionProperties) = preSolution
		HideSolutionNode = FALSE
	EndGlobalSection
	GlobalSection(ExtensibilityGlobals) = postSolution
		SolutionGuid = {5D70C419-1950-48AE-A82A-E8DBB2FD11A4}
	EndGlobalSection
EndGlobal
